
Microsoft Visual Studio Solution File, Format Version 12.00
# Visual Studio 2013
VisualStudioVersion = 12.0.21005.1
MinimumVisualStudioVersion = 10.0.40219.1
Project("{FAE04EC0-301F-11D3-BF4B-00C04F79EFBC}") = "ML", "ML\ML.csproj", "{2D059C97-802B-4D50-815C-8258C7D5DA79}"
EndProject
Project("{FAE04EC0-301F-11D3-BF4B-00C04F79EFBC}") = "DL", "DL\DL.csproj", "{19DBE443-7270-48DF-889C-4039338E0285}"
EndProject
Project("{FAE04EC0-301F-11D3-BF4B-00C04F79EFBC}") = "BL", "BL\BL.csproj", "{58B2CE8A-E12D-4DB0-B7F0-A618F4183D01}"
EndProject
Project("{FAE04EC0-301F-11D3-BF4B-00C04F79EFBC}") = "PL", "PL\PL.csproj", "{0E644DA7-B904-4834-8001-8D89484E94D8}"
EndProject
Project("{FAE04EC0-301F-11D3-BF4B-00C04F79EFBC}") = "Consola", "Console\Consola.csproj", "{27CA5FAC-B69C-4517-8E76-A224B8F6DCD5}"
EndProject
Project("{FAE04EC0-301F-11D3-BF4B-00C04F79EFBC}") = "DLSQL", "DLSQL\DLSQL.csproj", "{D278077C-25BB-4932-BA9A-35DFAA48EACC}"
EndProject
Global
	GlobalSection(SolutionConfigurationPlatforms) = preSolution
		Debug|Any CPU = Debug|Any CPU
		Release|Any CPU = Release|Any CPU
	EndGlobalSection
	GlobalSection(ProjectConfigurationPlatforms) = postSolution
		{2D059C97-802B-4D50-815C-8258C7D5DA79}.Debug|Any CPU.ActiveCfg = Debug|Any CPU
		{2D059C97-802B-4D50-815C-8258C7D5DA79}.Debug|Any CPU.Build.0 = Debug|Any CPU
		{2D059C97-802B-4D50-815C-8258C7D5DA79}.Release|Any CPU.ActiveCfg = Release|Any CPU
		{2D059C97-802B-4D50-815C-8258C7D5DA79}.Release|Any CPU.Build.0 = Release|Any CPU
		{19DBE443-7270-48DF-889C-4039338E0285}.Debug|Any CPU.ActiveCfg = Debug|Any CPU
		{19DBE443-7270-48DF-889C-4039338E0285}.Debug|Any CPU.Build.0 = Debug|Any CPU
		{19DBE443-7270-48DF-889C-4039338E0285}.Release|Any CPU.ActiveCfg = Release|Any CPU
		{19DBE443-7270-48DF-889C-4039338E0285}.Release|Any CPU.Build.0 = Release|Any CPU
		{58B2CE8A-E12D-4DB0-B7F0-A618F4183D01}.Debug|Any CPU.ActiveCfg = Debug|Any CPU
		{58B2CE8A-E12D-4DB0-B7F0-A618F4183D01}.Debug|Any CPU.Build.0 = Debug|Any CPU
		{58B2CE8A-E12D-4DB0-B7F0-A618F4183D01}.Release|Any CPU.ActiveCfg = Release|Any CPU
		{58B2CE8A-E12D-4DB0-B7F0-A618F4183D01}.Release|Any CPU.Build.0 = Release|Any CPU
		{0E644DA7-B904-4834-8001-8D89484E94D8}.Debug|Any CPU.ActiveCfg = Debug|Any CPU
		{0E644DA7-B904-4834-8001-8D89484E94D8}.Debug|Any CPU.Build.0 = Debug|Any CPU
		{0E644DA7-B904-4834-8001-8D89484E94D8}.Release|Any CPU.ActiveCfg = Release|Any CPU
		{0E644DA7-B904-4834-8001-8D89484E94D8}.Release|Any CPU.Build.0 = Release|Any CPU
		{27CA5FAC-B69C-4517-8E76-A224B8F6DCD5}.Debug|Any CPU.ActiveCfg = Debug|Any CPU
		{27CA5FAC-B69C-4517-8E76-A224B8F6DCD5}.Debug|Any CPU.Build.0 = Debug|Any CPU
		{27CA5FAC-B69C-4517-8E76-A224B8F6DCD5}.Release|Any CPU.ActiveCfg = Release|Any CPU
		{27CA5FAC-B69C-4517-8E76-A224B8F6DCD5}.Release|Any CPU.Build.0 = Release|Any CPU
		{D278077C-25BB-4932-BA9A-35DFAA48EACC}.Debug|Any CPU.ActiveCfg = Debug|Any CPU
		{D278077C-25BB-4932-BA9A-35DFAA48EACC}.Debug|Any CPU.Build.0 = Debug|Any CPU
		{D278077C-25BB-4932-BA9A-35DFAA48EACC}.Release|Any CPU.ActiveCfg = Release|Any CPU
		{D278077C-25BB-4932-BA9A-35DFAA48EACC}.Release|Any CPU.Build.0 = Release|Any CPU
	EndGlobalSection
	GlobalSection(SolutionProperties) = preSolution
		HideSolutionNode = FALSE
	EndGlobalSection
EndGlobal
